# This file was autogenerated by uv via the following command:
#    uv pip compile requirements.txt -o requirements.lock
annotated-types==0.7.0
    # via
    #   -r requirements.txt
    #   pydantic
anyio==4.12.0
    # via
    #   -r requirements.txt
    #   httpx
    #   openai
certifi==2025.11.12
    # via
    #   -r requirements.txt
    #   httpcore
    #   httpx
colorama==0.4.6
    # via
    #   -r requirements.txt
    #   pytest
    #   tqdm
distro==1.9.0
    # via
    #   -r requirements.txt
    #   openai
h11==0.16.0
    # via
    #   -r requirements.txt
    #   httpcore
httpcore==1.0.9
    # via
    #   -r requirements.txt
    #   httpx
httpx==0.28.1
    # via
    #   -r requirements.txt
    #   ollama
    #   openai
idna==3.11
    # via
    #   -r requirements.txt
    #   anyio
    #   httpx
iniconfig==2.3.0
    # via
    #   -r requirements.txt
    #   pytest
jiter==0.12.0
    # via
    #   -r requirements.txt
    #   openai
joblib==1.5.3
    # via
    #   -r requirements.txt
    #   scikit-learn
numpy==2.3.5
    # via
    #   -r requirements.txt
    #   pandas
    #   scikit-learn
    #   scipy
ollama==0.6.1
    # via -r requirements.txt
openai==2.14.0
    # via -r requirements.txt
packaging==25.0
    # via
    #   -r requirements.txt
    #   pytest
pandas==2.3.3
    # via -r requirements.txt
pluggy==1.6.0
    # via
    #   -r requirements.txt
    #   pytest
pydantic==2.12.5
    # via
    #   -r requirements.txt
    #   ollama
    #   openai
pydantic-core==2.41.5
    # via
    #   -r requirements.txt
    #   pydantic
pygments==2.19.2
    # via
    #   -r requirements.txt
    #   pytest
pytest==9.0.2
    # via -r requirements.txt
python-dateutil==2.9.0.post0
    # via
    #   -r requirements.txt
    #   pandas
pytz==2025.2
    # via
    #   -r requirements.txt
    #   pandas
ruff==0.14.10
    # via -r requirements.txt
scikit-learn==1.8.0
    # via -r requirements.txt
scipy==1.16.3
    # via
    #   -r requirements.txt
    #   scikit-learn
six==1.17.0
    # via
    #   -r requirements.txt
    #   python-dateutil
sniffio==1.3.1
    # via
    #   -r requirements.txt
    #   openai
threadpoolctl==3.6.0
    # via
    #   -r requirements.txt
    #   scikit-learn
tqdm==4.67.1
    # via
    #   -r requirements.txt
    #   openai
typing-extensions==4.15.0
    # via
    #   -r requirements.txt
    #   anyio
    #   openai
    #   pydantic
    #   pydantic-core
    #   typing-inspection
typing-inspection==0.4.2
    # via
    #   -r requirements.txt
    #   pydantic
tzdata==2025.3
    # via
    #   -r requirements.txt
    #   pandas
