# This file was autogenerated by uv via the following command:
#    uv pip compile requirements.txt -o requirements.lock
annotated-types==0.7.0
    # via
    #   -r requirements.txt
    #   pydantic
anyio==4.12.0
    # via
    #   -r requirements.txt
    #   httpx
    #   openai
catboost==1.2.8
    # via -r requirements.txt
certifi==2025.11.12
    # via
    #   -r requirements.txt
    #   httpcore
    #   httpx
colorama==0.4.6
    # via
    #   -r requirements.txt
    #   pytest
    #   tqdm
contourpy==1.3.3
    # via
    #   -r requirements.txt
    #   matplotlib
cycler==0.12.1
    # via
    #   -r requirements.txt
    #   matplotlib
distro==1.9.0
    # via
    #   -r requirements.txt
    #   openai
fonttools==4.61.1
    # via
    #   -r requirements.txt
    #   matplotlib
graphviz==0.21
    # via
    #   -r requirements.txt
    #   catboost
h11==0.16.0
    # via
    #   -r requirements.txt
    #   httpcore
httpcore==1.0.9
    # via
    #   -r requirements.txt
    #   httpx
httpx==0.28.1
    # via
    #   -r requirements.txt
    #   ollama
    #   openai
idna==3.11
    # via
    #   -r requirements.txt
    #   anyio
    #   httpx
imbalanced-learn==0.14.1
    # via -r requirements.txt
iniconfig==2.3.0
    # via
    #   -r requirements.txt
    #   pytest
jiter==0.12.0
    # via
    #   -r requirements.txt
    #   openai
joblib==1.5.3
    # via
    #   -r requirements.txt
    #   imbalanced-learn
    #   scikit-learn
kiwisolver==1.4.9
    # via
    #   -r requirements.txt
    #   matplotlib
lightgbm==4.6.0
    # via -r requirements.txt
matplotlib==3.10.8
    # via
    #   -r requirements.txt
    #   catboost
narwhals==2.14.0
    # via
    #   -r requirements.txt
    #   plotly
numpy==2.3.5
    # via
    #   -r requirements.txt
    #   catboost
    #   contourpy
    #   imbalanced-learn
    #   lightgbm
    #   matplotlib
    #   pandas
    #   scikit-learn
    #   scipy
    #   xgboost
ollama==0.6.1
    # via -r requirements.txt
openai==2.14.0
    # via -r requirements.txt
packaging==25.0
    # via
    #   -r requirements.txt
    #   matplotlib
    #   plotly
    #   pytest
pandas==2.3.3
    # via
    #   -r requirements.txt
    #   catboost
pillow==12.0.0
    # via
    #   -r requirements.txt
    #   matplotlib
plotly==6.5.0
    # via
    #   -r requirements.txt
    #   catboost
pluggy==1.6.0
    # via
    #   -r requirements.txt
    #   pytest
pydantic==2.12.5
    # via
    #   -r requirements.txt
    #   ollama
    #   openai
pydantic-core==2.41.5
    # via
    #   -r requirements.txt
    #   pydantic
pygments==2.19.2
    # via
    #   -r requirements.txt
    #   pytest
pyparsing==3.3.1
    # via
    #   -r requirements.txt
    #   matplotlib
pytest==9.0.2
    # via -r requirements.txt
python-dateutil==2.9.0.post0
    # via
    #   -r requirements.txt
    #   matplotlib
    #   pandas
pytz==2025.2
    # via
    #   -r requirements.txt
    #   pandas
ruff==0.14.10
    # via -r requirements.txt
scikit-learn==1.8.0
    # via
    #   -r requirements.txt
    #   imbalanced-learn
    #   sklearn-compat
scipy==1.16.3
    # via
    #   -r requirements.txt
    #   catboost
    #   imbalanced-learn
    #   lightgbm
    #   scikit-learn
    #   xgboost
six==1.17.0
    # via
    #   -r requirements.txt
    #   catboost
    #   python-dateutil
sklearn-compat==0.1.5
    # via
    #   -r requirements.txt
    #   imbalanced-learn
sniffio==1.3.1
    # via
    #   -r requirements.txt
    #   openai
threadpoolctl==3.6.0
    # via
    #   -r requirements.txt
    #   imbalanced-learn
    #   scikit-learn
tqdm==4.67.1
    # via
    #   -r requirements.txt
    #   openai
typing-extensions==4.15.0
    # via
    #   -r requirements.txt
    #   anyio
    #   openai
    #   pydantic
    #   pydantic-core
    #   typing-inspection
typing-inspection==0.4.2
    # via
    #   -r requirements.txt
    #   pydantic
tzdata==2025.3
    # via
    #   -r requirements.txt
    #   pandas
xgboost==3.1.2
    # via -r requirements.txt
